
Microsoft Visual Studio Solution File, Format Version 12.00
# Visual Studio Version 17
VisualStudioVersion = 17.3.32929.385
MinimumVisualStudioVersion = 10.0.40219.1
Project("{FAE04EC0-301F-11D3-BF4B-00C04F79EFBC}") = "Koolid", "Koolid\Koolid.csproj", "{0C12BD3F-7682-4610-ACEF-31B11243AC48}"
EndProject
Global
	GlobalSection(SolutionConfigurationPlatforms) = preSolution
		Debug|Any CPU = Debug|Any CPU
		Release|Any CPU = Release|Any CPU
	EndGlobalSection
	GlobalSection(ProjectConfigurationPlatforms) = postSolution
		{0C12BD3F-7682-4610-ACEF-31B11243AC48}.Debug|Any CPU.ActiveCfg = Debug|Any CPU
		{0C12BD3F-7682-4610-ACEF-31B11243AC48}.Debug|Any CPU.Build.0 = Debug|Any CPU
		{0C12BD3F-7682-4610-ACEF-31B11243AC48}.Release|Any CPU.ActiveCfg = Release|Any CPU
		{0C12BD3F-7682-4610-ACEF-31B11243AC48}.Release|Any CPU.Build.0 = Release|Any CPU
	EndGlobalSection
	GlobalSection(SolutionProperties) = preSolution
		HideSolutionNode = FALSE
	EndGlobalSection
	GlobalSection(ExtensibilityGlobals) = postSolution
		SolutionGuid = {F769B393-A682-424D-A02A-6047A58D2B69}
	EndGlobalSection
EndGlobal
